<?xml version="1.0" encoding="utf-8"?>
<Project ToolsVersion="4.0" xmlns="http://schemas.microsoft.com/developer/msbuild/2003">
  <ItemGroup>
    <Filter Include="源文件">
      <UniqueIdentifier>{4FC737F1-C7A5-4376-A066-2A32D752A2FF}</UniqueIdentifier>
      <Extensions>cpp;c;cc;cxx;c++;cppm;ixx;def;odl;idl;hpj;bat;asm;asmx</Extensions>
    </Filter>
    <Filter Include="头文件">
      <UniqueIdentifier>{93995380-89BD-4b04-88EB-625FBE52EBFB}</UniqueIdentifier>
      <Extensions>h;hh;hpp;hxx;h++;hm;inl;inc;ipp;xsd</Extensions>
    </Filter>
    <Filter Include="资源文件">
      <UniqueIdentifier>{67DA6AB6-F800-4c08-8B7A-83BB121AAD01}</UniqueIdentifier>
      <Extensions>rc;ico;cur;bmp;dlg;rc2;rct;bin;rgs;gif;jpg;jpeg;jpe;resx;tiff;tif;png;wav;mfcribbon-ms</Extensions>
    </Filter>
    <Filter Include="远程测试">
      <UniqueIdentifier>{5e442e09-61bb-4215-9716-c5c3da64cac1}</UniqueIdentifier>
    </Filter>
    <Filter Include="主窗口%28登录界面%29">
      <UniqueIdentifier>{37ea1643-89bb-4237-acf0-3dce1de252da}</UniqueIdentifier>
    </Filter>
    <Filter Include="数据库接口">
      <UniqueIdentifier>{ef9b5a20-f650-4bca-aeff-eee57e875279}</UniqueIdentifier>
    </Filter>
    <Filter Include="学生类">
      <UniqueIdentifier>{d3195c0b-d4ae-4b20-8c3b-16e67d242aea}</UniqueIdentifier>
    </Filter>
    <Filter Include="学生界面">
      <UniqueIdentifier>{fb9c3a42-54c8-44ca-b789-3af2cdc5a8f7}</UniqueIdentifier>
    </Filter>
    <Filter Include="教师类">
      <UniqueIdentifier>{22801e03-da61-47f7-8618-a8c15044cd56}</UniqueIdentifier>
    </Filter>
    <Filter Include="教师窗口">
      <UniqueIdentifier>{41896a42-7b39-474a-817d-bded5628ae5b}</UniqueIdentifier>
    </Filter>
  </ItemGroup>
  <ItemGroup>
    <ClInclude Include="EduAdministraionSys.h">
      <Filter>头文件</Filter>
    </ClInclude>
    <ClInclude Include="framework.h">
      <Filter>头文件</Filter>
    </ClInclude>
    <ClInclude Include="targetver.h">
      <Filter>头文件</Filter>
    </ClInclude>
    <ClInclude Include="Resource.h">
      <Filter>头文件</Filter>
    </ClInclude>
    <ClInclude Include="pch.h">
      <Filter>头文件</Filter>
    </ClInclude>
    <ClInclude Include="Course.h">
      <Filter>头文件</Filter>
    </ClInclude>
    <ClInclude Include="EduAdministraionSysDlg.h">
      <Filter>主窗口%28登录界面%29</Filter>
    </ClInclude>
    <ClInclude Include="Database.h">
      <Filter>数据库接口</Filter>
    </ClInclude>
    <ClInclude Include="Student.h">
      <Filter>学生类</Filter>
    </ClInclude>
    <ClInclude Include="StudentInterface.h">
      <Filter>学生类</Filter>
    </ClInclude>
    <ClInclude Include="StudentDlg.h">
      <Filter>学生界面</Filter>
    </ClInclude>
    <ClInclude Include="Teacher.h">
      <Filter>教师类</Filter>
    </ClInclude>
    <ClInclude Include="TeacherInterface.h">
      <Filter>教师类</Filter>
    </ClInclude>
    <ClInclude Include="TeacherDlg.h">
      <Filter>教师窗口</Filter>
    </ClInclude>
  </ItemGroup>
  <ItemGroup>
    <ClCompile Include="EduAdministraionSys.cpp">
      <Filter>源文件</Filter>
    </ClCompile>
    <ClCompile Include="pch.cpp">
      <Filter>源文件</Filter>
    </ClCompile>
    <ClCompile Include="EduAdministraionSysDlg.cpp">
      <Filter>主窗口%28登录界面%29</Filter>
    </ClCompile>
    <ClCompile Include="Database.cpp">
      <Filter>数据库接口</Filter>
    </ClCompile>
    <ClCompile Include="Student.cpp">
      <Filter>学生类</Filter>
    </ClCompile>
    <ClCompile Include="StudentInterface.cpp">
      <Filter>学生类</Filter>
    </ClCompile>
    <ClCompile Include="StudentDlg.cpp">
      <Filter>学生界面</Filter>
    </ClCompile>
    <ClCompile Include="Teacher.cpp">
      <Filter>教师类</Filter>
    </ClCompile>
    <ClCompile Include="TeacherInterface.cpp">
      <Filter>教师类</Filter>
    </ClCompile>
    <ClCompile Include="TeacherDlg.cpp">
      <Filter>教师窗口</Filter>
    </ClCompile>
  </ItemGroup>
  <ItemGroup>
    <ResourceCompile Include="EduAdministraionSys.rc">
      <Filter>资源文件</Filter>
    </ResourceCompile>
  </ItemGroup>
  <ItemGroup>
    <None Include="res\EduAdministraionSys.rc2">
      <Filter>资源文件</Filter>
    </None>
    <None Include="EduAdministraionSys.aps" />
  </ItemGroup>
  <ItemGroup>
    <Image Include="res\EduAdministraionSys.ico">
      <Filter>资源文件</Filter>
    </Image>
    <Image Include="res\xh2.bmp">
      <Filter>资源文件</Filter>
    </Image>
    <Image Include="res\用户.ico">
      <Filter>资源文件</Filter>
    </Image>
    <Image Include="res\密码.ico">
      <Filter>资源文件</Filter>
    </Image>
    <Image Include="res\可见性-不可见.ico">
      <Filter>资源文件</Filter>
    </Image>
    <Image Include="res\可见性-可见.ico">
      <Filter>资源文件</Filter>
    </Image>
    <Image Include="res\invisibl.ico">
      <Filter>资源文件</Filter>
    </Image>
    <Image Include="res\校徽TITLE.bmp">
      <Filter>资源文件</Filter>
    </Image>
    <Image Include="res\CHULogo.ico">
      <Filter>资源文件</Filter>
    </Image>
  </ItemGroup>
  <ItemGroup>
    <Text Include="test.txt">
      <Filter>远程测试</Filter>
    </Text>
  </ItemGroup>
</Project>